
Microsoft Visual Studio Solution File, Format Version 12.00
# Visual Studio 15
VisualStudioVersion = 15.0.27703.2035
MinimumVisualStudioVersion = 10.0.40219.1
Project("{9A19103F-16F7-4668-BE54-9A1E7A4F7556}") = "FloatEquality", "FloatEquality\FloatEquality\FloatEquality.csproj", "{871E7C72-7D2C-42E7-9667-93CC1720C943}"
EndProject
Project("{FAE04EC0-301F-11D3-BF4B-00C04F79EFBC}") = "FloatEquality.Vsix", "FloatEquality\FloatEquality.Vsix\FloatEquality.Vsix.csproj", "{D61C1F98-D5D7-48BD-A659-ECC4A346D4D7}"
EndProject
Global
	GlobalSection(SolutionConfigurationPlatforms) = preSolution
		Debug|Any CPU = Debug|Any CPU
		Release|Any CPU = Release|Any CPU
	EndGlobalSection
	GlobalSection(ProjectConfigurationPlatforms) = postSolution
		{871E7C72-7D2C-42E7-9667-93CC1720C943}.Debug|Any CPU.ActiveCfg = Debug|Any CPU
		{871E7C72-7D2C-42E7-9667-93CC1720C943}.Debug|Any CPU.Build.0 = Debug|Any CPU
		{871E7C72-7D2C-42E7-9667-93CC1720C943}.Release|Any CPU.ActiveCfg = Release|Any CPU
		{871E7C72-7D2C-42E7-9667-93CC1720C943}.Release|Any CPU.Build.0 = Release|Any CPU
		{D61C1F98-D5D7-48BD-A659-ECC4A346D4D7}.Debug|Any CPU.ActiveCfg = Debug|Any CPU
		{D61C1F98-D5D7-48BD-A659-ECC4A346D4D7}.Debug|Any CPU.Build.0 = Debug|Any CPU
		{D61C1F98-D5D7-48BD-A659-ECC4A346D4D7}.Release|Any CPU.ActiveCfg = Release|Any CPU
		{D61C1F98-D5D7-48BD-A659-ECC4A346D4D7}.Release|Any CPU.Build.0 = Release|Any CPU
	EndGlobalSection
	GlobalSection(SolutionProperties) = preSolution
		HideSolutionNode = FALSE
	EndGlobalSection
	GlobalSection(ExtensibilityGlobals) = postSolution
		SolutionGuid = {18ED328B-4763-495A-872B-4288D4AF4DF8}
	EndGlobalSection
EndGlobal
