
Microsoft Visual Studio Solution File, Format Version 12.00
# Visual Studio 15
VisualStudioVersion = 15.0.27703.2035
MinimumVisualStudioVersion = 10.0.40219.1
Project("{FAE04EC0-301F-11D3-BF4B-00C04F79EFBC}") = "FloatEquality.Vsix", "FloatEquality.Vsix.csproj", "{D61C1F98-D5D7-48BD-A659-ECC4A346D4D7}"
EndProject
Project("{9A19103F-16F7-4668-BE54-9A1E7A4F7556}") = "FloatEquality", "..\FloatEquality\FloatEquality.csproj", "{A4FBF75B-FF76-4245-AAA9-D57019E7D1DF}"
EndProject
Global
	GlobalSection(SolutionConfigurationPlatforms) = preSolution
		Debug|Any CPU = Debug|Any CPU
		Release|Any CPU = Release|Any CPU
	EndGlobalSection
	GlobalSection(ProjectConfigurationPlatforms) = postSolution
		{D61C1F98-D5D7-48BD-A659-ECC4A346D4D7}.Debug|Any CPU.ActiveCfg = Debug|Any CPU
		{D61C1F98-D5D7-48BD-A659-ECC4A346D4D7}.Debug|Any CPU.Build.0 = Debug|Any CPU
		{D61C1F98-D5D7-48BD-A659-ECC4A346D4D7}.Release|Any CPU.ActiveCfg = Release|Any CPU
		{D61C1F98-D5D7-48BD-A659-ECC4A346D4D7}.Release|Any CPU.Build.0 = Release|Any CPU
		{A4FBF75B-FF76-4245-AAA9-D57019E7D1DF}.Debug|Any CPU.ActiveCfg = Debug|Any CPU
		{A4FBF75B-FF76-4245-AAA9-D57019E7D1DF}.Debug|Any CPU.Build.0 = Debug|Any CPU
		{A4FBF75B-FF76-4245-AAA9-D57019E7D1DF}.Release|Any CPU.ActiveCfg = Release|Any CPU
		{A4FBF75B-FF76-4245-AAA9-D57019E7D1DF}.Release|Any CPU.Build.0 = Release|Any CPU
	EndGlobalSection
	GlobalSection(SolutionProperties) = preSolution
		HideSolutionNode = FALSE
	EndGlobalSection
	GlobalSection(ExtensibilityGlobals) = postSolution
		SolutionGuid = {D4455694-3437-4961-8AFE-D2636B1F4ECD}
	EndGlobalSection
EndGlobal
